
Microsoft Visual Studio Solution File, Format Version 12.00
# Visual Studio Version 16
VisualStudioVersion = 16.0.31729.503
MinimumVisualStudioVersion = 10.0.40219.1
Project("{FAE04EC0-301F-11D3-BF4B-00C04F79EFBC}") = "Praktikumw14", "Praktikumw14\Praktikumw14.csproj", "{7268814E-82B1-4659-BD3E-E18127250166}"
EndProject
Global
	GlobalSection(SolutionConfigurationPlatforms) = preSolution
		Debug|Any CPU = Debug|Any CPU
		Release|Any CPU = Release|Any CPU
	EndGlobalSection
	GlobalSection(ProjectConfigurationPlatforms) = postSolution
		{7268814E-82B1-4659-BD3E-E18127250166}.Debug|Any CPU.ActiveCfg = Debug|Any CPU
		{7268814E-82B1-4659-BD3E-E18127250166}.Debug|Any CPU.Build.0 = Debug|Any CPU
		{7268814E-82B1-4659-BD3E-E18127250166}.Release|Any CPU.ActiveCfg = Release|Any CPU
		{7268814E-82B1-4659-BD3E-E18127250166}.Release|Any CPU.Build.0 = Release|Any CPU
	EndGlobalSection
	GlobalSection(SolutionProperties) = preSolution
		HideSolutionNode = FALSE
	EndGlobalSection
	GlobalSection(ExtensibilityGlobals) = postSolution
		SolutionGuid = {9917445B-68B1-4B5D-9447-C81BDCE8155B}
	EndGlobalSection
EndGlobal
